
Microsoft Visual Studio Solution File, Format Version 12.00
# Visual Studio 15
VisualStudioVersion = 15.0.28307.136
MinimumVisualStudioVersion = 10.0.40219.1
Project("{FAE04EC0-301F-11D3-BF4B-00C04F79EFBC}") = "ConsoleApp1", "ConsoleApp1\ConsoleApp1.csproj", "{4324BEC9-0431-4A19-BF47-5CBE62D7F949}"
EndProject
Global
	GlobalSection(SolutionConfigurationPlatforms) = preSolution
		Debug|Any CPU = Debug|Any CPU
		Release|Any CPU = Release|Any CPU
	EndGlobalSection
	GlobalSection(ProjectConfigurationPlatforms) = postSolution
		{4324BEC9-0431-4A19-BF47-5CBE62D7F949}.Debug|Any CPU.ActiveCfg = Debug|Any CPU
		{4324BEC9-0431-4A19-BF47-5CBE62D7F949}.Debug|Any CPU.Build.0 = Debug|Any CPU
		{4324BEC9-0431-4A19-BF47-5CBE62D7F949}.Release|Any CPU.ActiveCfg = Release|Any CPU
		{4324BEC9-0431-4A19-BF47-5CBE62D7F949}.Release|Any CPU.Build.0 = Release|Any CPU
	EndGlobalSection
	GlobalSection(SolutionProperties) = preSolution
		HideSolutionNode = FALSE
	EndGlobalSection
	GlobalSection(ExtensibilityGlobals) = postSolution
		SolutionGuid = {BE169274-5D2A-4FA1-95A9-FDDEBC6CB7A5}
	EndGlobalSection
EndGlobal
